// !$*UTF8*$!
{
	archiveVersion = 1;
	classes = {
	};
	objectVersion = 50;
	objects = {

/* Begin PBXBuildFile section */
		BF7A433920A39B02001C5267 /* AppDelegate.swift in Sources */ = {isa = PBXBuildFile; fileRef = BF7A433820A39B02001C5267 /* AppDelegate.swift */; };
		BF7A433B20A39B02001C5267 /* ViewController.swift in Sources */ = {isa = PBXBuildFile; fileRef = BF7A433A20A39B02001C5267 /* ViewController.swift */; };
		BF7A433E20A39B02001C5267 /* Main.storyboard in Resources */ = {isa = PBXBuildFile; fileRef = BF7A433C20A39B02001C5267 /* Main.storyboard */; };
		BF7A434020A39B0E001C5267 /* Assets.xcassets in Resources */ = {isa = PBXBuildFile; fileRef = BF7A433F20A39B0E001C5267 /* Assets.xcassets */; };
		BF7A434320A39B0E001C5267 /* LaunchScreen.storyboard in Resources */ = {isa = PBXBuildFile; fileRef = BF7A434120A39B0E001C5267 /* LaunchScreen.storyboard */; };
		BF7A434B20A39B42001C5267 /* Array+shared.swift in Sources */ = {isa = PBXBuildFile; fileRef = BF7A434A20A39B42001C5267 /* Array+shared.swift */; };
/* End PBXBuildFile section */

/* Begin PBXFileReference section */
		BF7A433520A39B02001C5267 /* Concurrent_Map.app */ = {isa = PBXFileReference; explicitFileType = wrapper.application; includeInIndex = 0; path = Concurrent_Map.app; sourceTree = BUILT_PRODUCTS_DIR; };
		BF7A433820A39B02001C5267 /* AppDelegate.swift */ = {isa = PBXFileReference; lastKnownFileType = sourcecode.swift; path = AppDelegate.swift; sourceTree = "<group>"; };
		BF7A433A20A39B02001C5267 /* ViewController.swift */ = {isa = PBXFileReference; lastKnownFileType = sourcecode.swift; path = ViewController.swift; sourceTree = "<group>"; };
		BF7A433D20A39B02001C5267 /* Base */ = {isa = PBXFileReference; lastKnownFileType = file.storyboard; name = Base; path = Base.lproj/Main.storyboard; sourceTree = "<group>"; };
		BF7A433F20A39B0E001C5267 /* Assets.xcassets */ = {isa = PBXFileReference; lastKnownFileType = folder.assetcatalog; path = Assets.xcassets; sourceTree = "<group>"; };
		BF7A434220A39B0E001C5267 /* Base */ = {isa = PBXFileReference; lastKnownFileType = file.storyboard; name = Base; path = Base.lproj/LaunchScreen.storyboard; sourceTree = "<group>"; };
		BF7A434420A39B0E001C5267 /* Info.plist */ = {isa = PBXFileReference; lastKnownFileType = text.plist.xml; path = Info.plist; sourceTree = "<group>"; };
		BF7A434A20A39B42001C5267 /* Array+shared.swift */ = {isa = PBXFileReference; lastKnownFileType = sourcecode.swift; path = "Array+shared.swift"; sourceTree = "<group>"; };
/* End PBXFileReference section */

/* Begin PBXFrameworksBuildPhase section */
		BF7A433220A39B02001C5267 /* Frameworks */ = {
			isa = PBXFrameworksBuildPhase;
			buildActionMask = 2147483647;
			files = (
			);
			runOnlyForDeploymentPostprocessing = 0;
		};
/* End PBXFrameworksBuildPhase section */

/* Begin PBXGroup section */
		BF7A432C20A39B01001C5267 = {
			isa = PBXGroup;
			children = (
				BF7A433720A39B02001C5267 /* Concurrent_Map */,
				BF7A433620A39B02001C5267 /* Products */,
			);
			sourceTree = "<group>";
		};
		BF7A433620A39B02001C5267 /* Products */ = {
			isa = PBXGroup;
			children = (
				BF7A433520A39B02001C5267 /* Concurrent_Map.app */,
			);
			name = Products;
			sourceTree = "<group>";
		};
		BF7A433720A39B02001C5267 /* Concurrent_Map */ = {
			isa = PBXGroup;
			children = (
				BF7A433820A39B02001C5267 /* AppDelegate.swift */,
				BF7A433A20A39B02001C5267 /* ViewController.swift */,
				BF7A434A20A39B42001C5267 /* Array+shared.swift */,
				BF7A433C20A39B02001C5267 /* Main.storyboard */,
				BF7A433F20A39B0E001C5267 /* Assets.xcassets */,
				BF7A434120A39B0E001C5267 /* LaunchScreen.storyboard */,
				BF7A434420A39B0E001C5267 /* Info.plist */,
			);
			path = Concurrent_Map;
			sourceTree = "<group>";
		};
/* End PBXGroup section */

/* Begin PBXNativeTarget section */
		BF7A433420A39B02001C5267 /* Concurrent_Map */ = {
			isa = PBXNativeTarget;
			buildConfigurationList = BF7A434720A39B0E001C5267 /* Build configuration list for PBXNativeTarget "Concurrent_Map" */;
			buildPhases = (
				BF7A433120A39B02001C5267 /* Sources */,
				BF7A433220A39B02001C5267 /* Frameworks */,
				BF7A433320A39B02001C5267 /* Resources */,
			);
			buildRules = (
			);
			dependencies = (
			);
			name = Concurrent_Map;
			productName = Concurrent_Map;
			productReference = BF7A433520A39B02001C5267 /* Concurrent_Map.app */;
			productType = "com.apple.product-type.application";
		};
/* End PBXNativeTarget section */

/* Begin PBXProject section */
		BF7A432D20A39B01001C5267 /* Project object */ = {
			isa = PBXProject;
			attributes = {
				LastSwiftUpdateCheck = 0930;
				LastUpgradeCheck = 0930;
				ORGANIZATIONNAME = "Kaichi Momose";
				TargetAttributes = {
					BF7A433420A39B02001C5267 = {
						CreatedOnToolsVersion = 9.3;
					};
				};
			};
			buildConfigurationList = BF7A433020A39B02001C5267 /* Build configuration list for PBXProject "Concurrent_Map" */;
			compatibilityVersion = "Xcode 9.3";
			developmentRegion = en;
			hasScannedForEncodings = 0;
			knownRegions = (
				en,
				Base,
			);
			mainGroup = BF7A432C20A39B01001C5267;
			productRefGroup = BF7A433620A39B02001C5267 /* Products */;
			projectDirPath = "";
			projectRoot = "";
			targets = (
				BF7A433420A39B02001C5267 /* Concurrent_Map */,
			);
		};
/* End PBXProject section */

/* Begin PBXResourcesBuildPhase section */
		BF7A433320A39B02001C5267 /* Resources */ = {
			isa = PBXResourcesBuildPhase;
			buildActionMask = 2147483647;
			files = (
				BF7A434320A39B0E001C5267 /* LaunchScreen.storyboard in Resources */,
				BF7A434020A39B0E001C5267 /* Assets.xcassets in Resources */,
				BF7A433E20A39B02001C5267 /* Main.storyboard in Resources */,
			);
			runOnlyForDeploymentPostprocessing = 0;
		};
/* End PBXResourcesBuildPhase section */

/* Begin PBXSourcesBuildPhase section */
		BF7A433120A39B02001C5267 /* Sources */ = {
			isa = PBXSourcesBuildPhase;
			buildActionMask = 2147483647;
			files = (
				BF7A434B20A39B42001C5267 /* Array+shared.swift in Sources */,
				BF7A433B20A39B02001C5267 /* ViewController.swift in Sources */,
				BF7A433920A39B02001C5267 /* AppDelegate.swift in Sources */,
			);
			runOnlyForDeploymentPostprocessing = 0;
		};
/* End PBXSourcesBuildPhase section */

/* Begin PBXVariantGroup section */
		BF7A433C20A39B02001C5267 /* Main.storyboard */ = {
			isa = PBXVariantGroup;
			children = (
				BF7A433D20A39B02001C5267 /* Base */,
			);
			name = Main.storyboard;
			sourceTree = "<group>";
		};
		BF7A434120A39B0E001C5267 /* LaunchScreen.storyboard */ = {
			isa = PBXVariantGroup;
			children = (
				BF7A434220A39B0E001C5267 /* Base */,
			);
			name = LaunchScreen.storyboard;
			sourceTree = "<group>";
		};
/* End PBXVariantGroup section */

/* Begin XCBuildConfiguration section */
		BF7A434520A39B0E001C5267 /* Debug */ = {
			isa = XCBuildConfiguration;
			buildSettings = {
				ALWAYS_SEARCH_USER_PATHS = NO;
				CLANG_ANALYZER_NONNULL = YES;
				CLANG_ANALYZER_NUMBER_OBJECT_CONVERSION = YES_AGGRESSIVE;
				CLANG_CXX_LANGUAGE_STANDARD = "gnu++14";
				CLANG_CXX_LIBRARY = "libc++";
				CLANG_ENABLE_MODULES = YES;
				CLANG_ENABLE_OBJC_ARC = YES;
				CLANG_ENABLE_OBJC_WEAK = YES;
				CLANG_WARN_BLOCK_CAPTURE_AUTORELEASING = YES;
				CLANG_WARN_BOOL_CONVERSION = YES;
				CLANG_WARN_COMMA = YES;
				CLANG_WARN_CONSTANT_CONVERSION = YES;
				CLANG_WARN_DEPRECATED_OBJC_IMPLEMENTATIONS = YES;
				CLANG_WARN_DIRECT_OBJC_ISA_USAGE = YES_ERROR;
				CLANG_WARN_DOCUMENTATION_COMMENTS = YES;
				CLANG_WARN_EMPTY_BODY = YES;
				CLANG_WARN_ENUM_CONVERSION = YES;
				CLANG_WARN_INFINITE_RECURSION = YES;
				CLANG_WARN_INT_CONVERSION = YES;
				CLANG_WARN_NON_LITERAL_NULL_CONVERSION = YES;
				CLANG_WARN_OBJC_IMPLICIT_RETAIN_SELF = YES;
				CLANG_WARN_OBJC_LITERAL_CONVERSION = YES;
				CLANG_WARN_OBJC_ROOT_CLASS = YES_ERROR;
				CLANG_WARN_RANGE_LOOP_ANALYSIS = YES;
				CLANG_WARN_STRICT_PROTOTYPES = YES;
				CLANG_WARN_SUSPICIOUS_MOVE = YES;
				CLANG_WARN_UNGUARDED_AVAILABILITY = YES_AGGRESSIVE;
				CLANG_WARN_UNREACHABLE_CODE = YES;
				CLANG_WARN__DUPLICATE_METHOD_MATCH = YES;
				CODE_SIGN_IDENTITY = "iPhone Developer";
				COPY_PHASE_STRIP = NO;
				DEBUG_INFORMATION_FORMAT = dwarf;
				ENABLE_STRICT_OBJC_MSGSEND = YES;
				ENABLE_TESTABILITY = YES;
				GCC_C_LANGUAGE_STANDARD = gnu11;
				GCC_DYNAMIC_NO_PIC = NO;
				GCC_NO_COMMON_BLOCKS = YES;
				GCC_OPTIMIZATION_LEVEL = 0;
				GCC_PREPROCESSOR_DEFINITIONS = (
					"DEBUG=1",
					"$(inherited)",
				);
				GCC_WARN_64_TO_32_BIT_CONVERSION = YES;
				GCC_WARN_ABOUT_RETURN_TYPE = YES_ERROR;
				GCC_WARN_UNDECLARED_SELECTOR = YES;
				GCC_WARN_UNINITIALIZED_AUTOS = YES_AGGRESSIVE;
				GCC_WARN_UNUSED_FUNCTION = YES;
				GCC_WARN_UNUSED_VARIABLE = YES;
				IPHONEOS_DEPLOYMENT_TARGET = 11.3;
				MTL_ENABLE_DEBUG_INFO = YES;
				ONLY_ACTIVE_ARCH = YES;
				SDKROOT = iphoneos;
				SWIFT_ACTIVE_COMPILATION_CONDITIONS = DEBUG;
				SWIFT_OPTIMIZATION_LEVEL = "-Onone";
			};
			name = Debug;
		};
		BF7A434620A39B0E001C5267 /* Release */ = {
			isa = XCBuildConfiguration;
			buildSettings = {
				ALWAYS_SEARCH_USER_PATHS = NO;
				CLANG_ANALYZER_NONNULL = YES;
				CLANG_ANALYZER_NUMBER_OBJECT_CONVERSION = YES_AGGRESSIVE;
				CLANG_CXX_LANGUAGE_STANDARD = "gnu++14";
				CLANG_CXX_LIBRARY = "libc++";
				CLANG_ENABLE_MODULES = YES;
				CLANG_ENABLE_OBJC_ARC = YES;
				CLANG_ENABLE_OBJC_WEAK = YES;
				CLANG_WARN_BLOCK_CAPTURE_AUTORELEASING = YES;
				CLANG_WARN_BOOL_CONVERSION = YES;
				CLANG_WARN_COMMA = YES;
				CLANG_WARN_CONSTANT_CONVERSION = YES;
				CLANG_WARN_DEPRECATED_OBJC_IMPLEMENTATIONS = YES;
				CLANG_WARN_DIRECT_OBJC_ISA_USAGE = YES_ERROR;
				CLANG_WARN_DOCUMENTATION_COMMENTS = YES;
				CLANG_WARN_EMPTY_BODY = YES;
				CLANG_WARN_ENUM_CONVERSION = YES;
				CLANG_WARN_INFINITE_RECURSION = YES;
				CLANG_WARN_INT_CONVERSION = YES;
				CLANG_WARN_NON_LITERAL_NULL_CONVERSION = YES;
				CLANG_WARN_OBJC_IMPLICIT_RETAIN_SELF = YES;
				CLANG_WARN_OBJC_LITERAL_CONVERSION = YES;
				CLANG_WARN_OBJC_ROOT_CLASS = YES_ERROR;
				CLANG_WARN_RANGE_LOOP_ANALYSIS = YES;
				CLANG_WARN_STRICT_PROTOTYPES = YES;
				CLANG_WARN_SUSPICIOUS_MOVE = YES;
				CLANG_WARN_UNGUARDED_AVAILABILITY = YES_AGGRESSIVE;
				CLANG_WARN_UNREACHABLE_CODE = YES;
				CLANG_WARN__DUPLICATE_METHOD_MATCH = YES;
				CODE_SIGN_IDENTITY = "iPhone Developer";
				COPY_PHASE_STRIP = NO;
				DEBUG_INFORMATION_FORMAT = "dwarf-with-dsym";
				ENABLE_NS_ASSERTIONS = NO;
				ENABLE_STRICT_OBJC_MSGSEND = YES;
				GCC_C_LANGUAGE_STANDARD = gnu11;
				GCC_NO_COMMON_BLOCKS = YES;
				GCC_WARN_64_TO_32_BIT_CONVERSION = YES;
				GCC_WARN_ABOUT_RETURN_TYPE = YES_ERROR;
				GCC_WARN_UNDECLARED_SELECTOR = YES;
				GCC_WARN_UNINITIALIZED_AUTOS = YES_AGGRESSIVE;
				GCC_WARN_UNUSED_FUNCTION = YES;
				GCC_WARN_UNUSED_VARIABLE = YES;
				IPHONEOS_DEPLOYMENT_TARGET = 11.3;
				MTL_ENABLE_DEBUG_INFO = NO;
				SDKROOT = iphoneos;
				SWIFT_COMPILATION_MODE = wholemodule;
				SWIFT_OPTIMIZATION_LEVEL = "-O";
				VALIDATE_PRODUCT = YES;
			};
			name = Release;
		};
		BF7A434820A39B0E001C5267 /* Debug */ = {
			isa = XCBuildConfiguration;
			buildSettings = {
				ASSETCATALOG_COMPILER_APPICON_NAME = AppIcon;
				CODE_SIGN_STYLE = Automatic;
				DEVELOPMENT_TEAM = CGUE68EN3T;
				INFOPLIST_FILE = Concurrent_Map/Info.plist;
				LD_RUNPATH_SEARCH_PATHS = (
					"$(inherited)",
					"@executable_path/Frameworks",
				);
				PRODUCT_BUNDLE_IDENTIFIER = "com.momose-kaichi.Concurrent-Map";
				PRODUCT_NAME = "$(TARGET_NAME)";
				SWIFT_VERSION = 4.0;
				TARGETED_DEVICE_FAMILY = "1,2";
			};
			name = Debug;
		};
		BF7A434920A39B0E001C5267 /* Release */ = {
			isa = XCBuildConfiguration;
			buildSettings = {
				ASSETCATALOG_COMPILER_APPICON_NAME = AppIcon;
				CODE_SIGN_STYLE = Automatic;
				DEVELOPMENT_TEAM = CGUE68EN3T;
				INFOPLIST_FILE = Concurrent_Map/Info.plist;
				LD_RUNPATH_SEARCH_PATHS = (
					"$(inherited)",
					"@executable_path/Frameworks",
				);
				PRODUCT_BUNDLE_IDENTIFIER = "com.momose-kaichi.Concurrent-Map";
				PRODUCT_NAME = "$(TARGET_NAME)";
				SWIFT_VERSION = 4.0;
				TARGETED_DEVICE_FAMILY = "1,2";
			};
			name = Release;
		};
/* End XCBuildConfiguration section */

/* Begin XCConfigurationList section */
		BF7A433020A39B02001C5267 /* Build configuration list for PBXProject "Concurrent_Map" */ = {
			isa = XCConfigurationList;
			buildConfigurations = (
				BF7A434520A39B0E001C5267 /* Debug */,
				BF7A434620A39B0E001C5267 /* Release */,
			);
			defaultConfigurationIsVisible = 0;
			defaultConfigurationName = Release;
		};
		BF7A434720A39B0E001C5267 /* Build configuration list for PBXNativeTarget "Concurrent_Map" */ = {
			isa = XCConfigurationList;
			buildConfigurations = (
				BF7A434820A39B0E001C5267 /* Debug */,
				BF7A434920A39B0E001C5267 /* Release */,
			);
			defaultConfigurationIsVisible = 0;
			defaultConfigurationName = Release;
		};
/* End XCConfigurationList section */
	};
	rootObject = BF7A432D20A39B01001C5267 /* Project object */;
}
